
Microsoft Visual Studio Solution File, Format Version 12.00
# Visual Studio Version 17
VisualStudioVersion = 17.9.34616.47
MinimumVisualStudioVersion = 10.0.40219.1
Project("{FAE04EC0-301F-11D3-BF4B-00C04F79EFBC}") = "ServicesApiNet6", "ServicesApiNet6\ServicesApiNet6.csproj", "{0FBF0BA7-3E68-4528-8E9C-58192FCE9EB9}"
EndProject
Project("{FAE04EC0-301F-11D3-BF4B-00C04F79EFBC}") = "DataContext", "DataContext\DataContext.csproj", "{C0C8ECA8-916C-4950-A278-DF4E11F7E78C}"
EndProject
Project("{FAE04EC0-301F-11D3-BF4B-00C04F79EFBC}") = "BussinessLogic", "BussinessLogic\BussinessLogic.csproj", "{7E0B7DDC-692D-4275-B535-FFFA0AC4A85E}"
EndProject
Project("{FAE04EC0-301F-11D3-BF4B-00C04F79EFBC}") = "Entidades", "Entidades\Entidades.csproj", "{D1E84D8C-DBE4-44FA-9DEF-42C920F75794}"
EndProject
Global
	GlobalSection(SolutionConfigurationPlatforms) = preSolution
		Debug|Any CPU = Debug|Any CPU
		Release|Any CPU = Release|Any CPU
	EndGlobalSection
	GlobalSection(ProjectConfigurationPlatforms) = postSolution
		{0FBF0BA7-3E68-4528-8E9C-58192FCE9EB9}.Debug|Any CPU.ActiveCfg = Debug|Any CPU
		{0FBF0BA7-3E68-4528-8E9C-58192FCE9EB9}.Debug|Any CPU.Build.0 = Debug|Any CPU
		{0FBF0BA7-3E68-4528-8E9C-58192FCE9EB9}.Release|Any CPU.ActiveCfg = Release|Any CPU
		{0FBF0BA7-3E68-4528-8E9C-58192FCE9EB9}.Release|Any CPU.Build.0 = Release|Any CPU
		{C0C8ECA8-916C-4950-A278-DF4E11F7E78C}.Debug|Any CPU.ActiveCfg = Debug|Any CPU
		{C0C8ECA8-916C-4950-A278-DF4E11F7E78C}.Debug|Any CPU.Build.0 = Debug|Any CPU
		{C0C8ECA8-916C-4950-A278-DF4E11F7E78C}.Release|Any CPU.ActiveCfg = Release|Any CPU
		{C0C8ECA8-916C-4950-A278-DF4E11F7E78C}.Release|Any CPU.Build.0 = Release|Any CPU
		{7E0B7DDC-692D-4275-B535-FFFA0AC4A85E}.Debug|Any CPU.ActiveCfg = Debug|Any CPU
		{7E0B7DDC-692D-4275-B535-FFFA0AC4A85E}.Debug|Any CPU.Build.0 = Debug|Any CPU
		{7E0B7DDC-692D-4275-B535-FFFA0AC4A85E}.Release|Any CPU.ActiveCfg = Release|Any CPU
		{7E0B7DDC-692D-4275-B535-FFFA0AC4A85E}.Release|Any CPU.Build.0 = Release|Any CPU
		{D1E84D8C-DBE4-44FA-9DEF-42C920F75794}.Debug|Any CPU.ActiveCfg = Debug|Any CPU
		{D1E84D8C-DBE4-44FA-9DEF-42C920F75794}.Debug|Any CPU.Build.0 = Debug|Any CPU
		{D1E84D8C-DBE4-44FA-9DEF-42C920F75794}.Release|Any CPU.ActiveCfg = Release|Any CPU
		{D1E84D8C-DBE4-44FA-9DEF-42C920F75794}.Release|Any CPU.Build.0 = Release|Any CPU
	EndGlobalSection
	GlobalSection(SolutionProperties) = preSolution
		HideSolutionNode = FALSE
	EndGlobalSection
	GlobalSection(ExtensibilityGlobals) = postSolution
		SolutionGuid = {DC470A5C-2936-4BE4-85AA-18F5833DE3FC}
	EndGlobalSection
EndGlobal
